
Microsoft Visual Studio Solution File, Format Version 12.00
# Visual Studio 14
VisualStudioVersion = 14.0.25420.1
MinimumVisualStudioVersion = 10.0.40219.1
Project("{8BC9CEB8-8B4A-11D0-8D11-00A0C91BC942}") = "FindMaxEx", "FindMaxEx\FindMaxEx.vcxproj", "{4A5DE978-1AB9-4EAC-8EDC-4DDE844F94E6}"
EndProject
Project("{8BC9CEB8-8B4A-11D0-8D11-00A0C91BC942}") = "FindMaxEx_tests", "FindMaxEx_tests\FindMaxEx_tests.vcxproj", "{8576078E-8F5E-4D3A-905F-21AC64946AB5}"
EndProject
Project("{8BC9CEB8-8B4A-11D0-8D11-00A0C91BC942}") = "CMyArray", "CMyArray\CMyArray.vcxproj", "{9259117A-5B78-4A79-8FC8-D64444C43462}"
EndProject
Project("{8BC9CEB8-8B4A-11D0-8D11-00A0C91BC942}") = "CMyArray_tests", "CMyArray_tests\CMyArray_tests.vcxproj", "{9AA78CD0-7DC3-410A-B958-E31875DF62BE}"
EndProject
Global
	GlobalSection(SolutionConfigurationPlatforms) = preSolution
		Debug|x64 = Debug|x64
		Debug|x86 = Debug|x86
		Release|x64 = Release|x64
		Release|x86 = Release|x86
	EndGlobalSection
	GlobalSection(ProjectConfigurationPlatforms) = postSolution
		{4A5DE978-1AB9-4EAC-8EDC-4DDE844F94E6}.Debug|x64.ActiveCfg = Debug|x64
		{4A5DE978-1AB9-4EAC-8EDC-4DDE844F94E6}.Debug|x64.Build.0 = Debug|x64
		{4A5DE978-1AB9-4EAC-8EDC-4DDE844F94E6}.Debug|x86.ActiveCfg = Debug|Win32
		{4A5DE978-1AB9-4EAC-8EDC-4DDE844F94E6}.Debug|x86.Build.0 = Debug|Win32
		{4A5DE978-1AB9-4EAC-8EDC-4DDE844F94E6}.Release|x64.ActiveCfg = Release|x64
		{4A5DE978-1AB9-4EAC-8EDC-4DDE844F94E6}.Release|x64.Build.0 = Release|x64
		{4A5DE978-1AB9-4EAC-8EDC-4DDE844F94E6}.Release|x86.ActiveCfg = Release|Win32
		{4A5DE978-1AB9-4EAC-8EDC-4DDE844F94E6}.Release|x86.Build.0 = Release|Win32
		{8576078E-8F5E-4D3A-905F-21AC64946AB5}.Debug|x64.ActiveCfg = Debug|x64
		{8576078E-8F5E-4D3A-905F-21AC64946AB5}.Debug|x64.Build.0 = Debug|x64
		{8576078E-8F5E-4D3A-905F-21AC64946AB5}.Debug|x86.ActiveCfg = Debug|Win32
		{8576078E-8F5E-4D3A-905F-21AC64946AB5}.Debug|x86.Build.0 = Debug|Win32
		{8576078E-8F5E-4D3A-905F-21AC64946AB5}.Release|x64.ActiveCfg = Release|x64
		{8576078E-8F5E-4D3A-905F-21AC64946AB5}.Release|x64.Build.0 = Release|x64
		{8576078E-8F5E-4D3A-905F-21AC64946AB5}.Release|x86.ActiveCfg = Release|Win32
		{8576078E-8F5E-4D3A-905F-21AC64946AB5}.Release|x86.Build.0 = Release|Win32
		{9259117A-5B78-4A79-8FC8-D64444C43462}.Debug|x64.ActiveCfg = Debug|x64
		{9259117A-5B78-4A79-8FC8-D64444C43462}.Debug|x64.Build.0 = Debug|x64
		{9259117A-5B78-4A79-8FC8-D64444C43462}.Debug|x86.ActiveCfg = Debug|Win32
		{9259117A-5B78-4A79-8FC8-D64444C43462}.Debug|x86.Build.0 = Debug|Win32
		{9259117A-5B78-4A79-8FC8-D64444C43462}.Release|x64.ActiveCfg = Release|x64
		{9259117A-5B78-4A79-8FC8-D64444C43462}.Release|x64.Build.0 = Release|x64
		{9259117A-5B78-4A79-8FC8-D64444C43462}.Release|x86.ActiveCfg = Release|Win32
		{9259117A-5B78-4A79-8FC8-D64444C43462}.Release|x86.Build.0 = Release|Win32
		{9AA78CD0-7DC3-410A-B958-E31875DF62BE}.Debug|x64.ActiveCfg = Debug|x64
		{9AA78CD0-7DC3-410A-B958-E31875DF62BE}.Debug|x64.Build.0 = Debug|x64
		{9AA78CD0-7DC3-410A-B958-E31875DF62BE}.Debug|x86.ActiveCfg = Debug|Win32
		{9AA78CD0-7DC3-410A-B958-E31875DF62BE}.Debug|x86.Build.0 = Debug|Win32
		{9AA78CD0-7DC3-410A-B958-E31875DF62BE}.Release|x64.ActiveCfg = Release|x64
		{9AA78CD0-7DC3-410A-B958-E31875DF62BE}.Release|x64.Build.0 = Release|x64
		{9AA78CD0-7DC3-410A-B958-E31875DF62BE}.Release|x86.ActiveCfg = Release|Win32
		{9AA78CD0-7DC3-410A-B958-E31875DF62BE}.Release|x86.Build.0 = Release|Win32
	EndGlobalSection
	GlobalSection(SolutionProperties) = preSolution
		HideSolutionNode = FALSE
	EndGlobalSection
EndGlobal
