<?xml version="1.0" encoding="utf-8"?>
<Project ToolsVersion="4.0" xmlns="http://schemas.microsoft.com/developer/msbuild/2003">
  <ItemGroup>
    <Filter Include="Файлы исходного кода">
      <UniqueIdentifier>{4FC737F1-C7A5-4376-A066-2A32D752A2FF}</UniqueIdentifier>
      <Extensions>cpp;c;cc;cxx;def;odl;idl;hpj;bat;asm;asmx</Extensions>
    </Filter>
    <Filter Include="Заголовочные файлы">
      <UniqueIdentifier>{93995380-89BD-4b04-88EB-625FBE52EBFB}</UniqueIdentifier>
      <Extensions>h;hh;hpp;hxx;hm;inl;inc;xsd</Extensions>
    </Filter>
    <Filter Include="Файлы ресурсов">
      <UniqueIdentifier>{67DA6AB6-F800-4c08-8B7A-83BB121AAD01}</UniqueIdentifier>
      <Extensions>rc;ico;cur;bmp;dlg;rc2;rct;bin;rgs;gif;jpg;jpeg;jpe;resx;tiff;tif;png;wav;mfcribbon-ms</Extensions>
    </Filter>
  </ItemGroup>
  <ItemGroup>
    <Text Include="empty.txt">
      <Filter>Файлы ресурсов</Filter>
    </Text>
    <Text Include="expected_nonexistent_file_copy_result.txt">
      <Filter>Файлы ресурсов</Filter>
    </Text>
    <Text Include="expected_run_program_with_empty_string_to_replace.txt">
      <Filter>Файлы ресурсов</Filter>
    </Text>
    <Text Include="expected_simple_test_text_result.txt">
      <Filter>Файлы ресурсов</Filter>
    </Text>
    <Text Include="simple_test_text.txt">
      <Filter>Файлы ресурсов</Filter>
    </Text>
    <Text Include="expected_test_text_begin_end_placement_result.txt">
      <Filter>Файлы ресурсов</Filter>
    </Text>
    <Text Include="test_text_begin_end_placement.txt">
      <Filter>Файлы ресурсов</Filter>
    </Text>
    <Text Include="expected_test_text_repeated_search_text_in_a_row_result.txt">
      <Filter>Файлы ресурсов</Filter>
    </Text>
    <Text Include="test_text_repeated_search_text_in_a_row.txt">
      <Filter>Файлы ресурсов</Filter>
    </Text>
    <Text Include="expected_test_text_with_empty_rows_result.txt">
      <Filter>Файлы ресурсов</Filter>
    </Text>
    <Text Include="expected_run_program_with_wrong_count_arguments_result.txt">
      <Filter>Файлы ресурсов</Filter>
    </Text>
    <Text Include="test_text_with_empty_rows.txt">
      <Filter>Файлы ресурсов</Filter>
    </Text>
  </ItemGroup>
  <ItemGroup>
    <None Include="test.bat">
      <Filter>Файлы исходного кода</Filter>
    </None>
  </ItemGroup>
  <ItemGroup>
    <ClCompile Include="replace.cpp">
      <Filter>Файлы исходного кода</Filter>
    </ClCompile>
  </ItemGroup>
</Project>